// !$*UTF8*$!
{
	archiveVersion = 1;
	classes = {
	};
	objectVersion = 56;
	objects = {

/* Begin PBXBuildFile section */
		281979F62AC3C14300D0ACA1 /* OuterSpace.swift in Sources */ = {isa = PBXBuildFile; fileRef = 281979F52AC3C14300D0ACA1 /* OuterSpace.swift */; };
		281979F92AC3C3DC00D0ACA1 /* OuterSpaceToggle.swift in Sources */ = {isa = PBXBuildFile; fileRef = 281979F82AC3C3DC00D0ACA1 /* OuterSpaceToggle.swift */; };
		281979FB2AC3C4BF00D0ACA1 /* Module.swift in Sources */ = {isa = PBXBuildFile; fileRef = 281979FA2AC3C4BF00D0ACA1 /* Module.swift */; };
		281979FD2AC3C4E800D0ACA1 /* ViewModel.swift in Sources */ = {isa = PBXBuildFile; fileRef = 281979FC2AC3C4E800D0ACA1 /* ViewModel.swift */; };
		2824E82E2AC9EDB800446821 /* StudySetView.swift in Sources */ = {isa = PBXBuildFile; fileRef = 2824E82D2AC9EDB800446821 /* StudySetView.swift */; };
		289107A72AC9DB1100BD449B /* MainView.swift in Sources */ = {isa = PBXBuildFile; fileRef = 289107A62AC9DB1100BD449B /* MainView.swift */; };
		289107A92AC9DB4200BD449B /* ImmersiveView.swift in Sources */ = {isa = PBXBuildFile; fileRef = 289107A82AC9DB4200BD449B /* ImmersiveView.swift */; };
		28C1BB3C2AAD485A00953C4C /* RealityKitContent in Frameworks */ = {isa = PBXBuildFile; productRef = 28C1BB3B2AAD485A00953C4C /* RealityKitContent */; };
		28C1BB3E2AAD485A00953C4C /* TranquilApp.swift in Sources */ = {isa = PBXBuildFile; fileRef = 28C1BB3D2AAD485A00953C4C /* TranquilApp.swift */; };
		28C1BB402AAD485A00953C4C /* ContentView.swift in Sources */ = {isa = PBXBuildFile; fileRef = 28C1BB3F2AAD485A00953C4C /* ContentView.swift */; };
		28C1BB442AAD485B00953C4C /* Assets.xcassets in Resources */ = {isa = PBXBuildFile; fileRef = 28C1BB432AAD485B00953C4C /* Assets.xcassets */; };
		28C1BB472AAD485B00953C4C /* Preview Assets.xcassets in Resources */ = {isa = PBXBuildFile; fileRef = 28C1BB462AAD485B00953C4C /* Preview Assets.xcassets */; };
		28C1BB522AAD485B00953C4C /* TranquilTests.swift in Sources */ = {isa = PBXBuildFile; fileRef = 28C1BB512AAD485B00953C4C /* TranquilTests.swift */; };
		28C1BB5E2AAE614900953C4C /* Welcome.swift in Sources */ = {isa = PBXBuildFile; fileRef = 28C1BB5D2AAE614900953C4C /* Welcome.swift */; };
		28D7F8652AAE72CF008F11B1 /* Profile.swift in Sources */ = {isa = PBXBuildFile; fileRef = 28D7F8642AAE72CF008F11B1 /* Profile.swift */; };
		28D7F86B2AAE7359008F11B1 /* StudySets.swift in Sources */ = {isa = PBXBuildFile; fileRef = 28D7F86A2AAE7359008F11B1 /* StudySets.swift */; };
		28F6385E2ACA06630071CDFE /* FlashcardView.swift in Sources */ = {isa = PBXBuildFile; fileRef = 28F6385D2ACA06630071CDFE /* FlashcardView.swift */; };
		28F638602ACA06CB0071CDFE /* Flashcard.swift in Sources */ = {isa = PBXBuildFile; fileRef = 28F6385F2ACA06CB0071CDFE /* Flashcard.swift */; };
		28F638622ACA133B0071CDFE /* OuterSpaceControls.swift in Sources */ = {isa = PBXBuildFile; fileRef = 28F638612ACA133B0071CDFE /* OuterSpaceControls.swift */; };
		28F638642ACA14F30071CDFE /* SolarSystem.swift in Sources */ = {isa = PBXBuildFile; fileRef = 28F638632ACA14F30071CDFE /* SolarSystem.swift */; };
/* End PBXBuildFile section */

/* Begin PBXContainerItemProxy section */
		28C1BB4E2AAD485B00953C4C /* PBXContainerItemProxy */ = {
			isa = PBXContainerItemProxy;
			containerPortal = 28C1BB2E2AAD485A00953C4C /* Project object */;
			proxyType = 1;
			remoteGlobalIDString = 28C1BB352AAD485A00953C4C;
			remoteInfo = Tranquil;
		};
/* End PBXContainerItemProxy section */

/* Begin PBXFileReference section */
		281979F52AC3C14300D0ACA1 /* OuterSpace.swift */ = {isa = PBXFileReference; lastKnownFileType = sourcecode.swift; path = OuterSpace.swift; sourceTree = "<group>"; };
		281979F82AC3C3DC00D0ACA1 /* OuterSpaceToggle.swift */ = {isa = PBXFileReference; lastKnownFileType = sourcecode.swift; path = OuterSpaceToggle.swift; sourceTree = "<group>"; };
		281979FA2AC3C4BF00D0ACA1 /* Module.swift */ = {isa = PBXFileReference; lastKnownFileType = sourcecode.swift; path = Module.swift; sourceTree = "<group>"; };
		281979FC2AC3C4E800D0ACA1 /* ViewModel.swift */ = {isa = PBXFileReference; lastKnownFileType = sourcecode.swift; path = ViewModel.swift; sourceTree = "<group>"; };
		2824E82D2AC9EDB800446821 /* StudySetView.swift */ = {isa = PBXFileReference; lastKnownFileType = sourcecode.swift; path = StudySetView.swift; sourceTree = "<group>"; };
		289107A62AC9DB1100BD449B /* MainView.swift */ = {isa = PBXFileReference; lastKnownFileType = sourcecode.swift; path = MainView.swift; sourceTree = "<group>"; };
		289107A82AC9DB4200BD449B /* ImmersiveView.swift */ = {isa = PBXFileReference; fileEncoding = 4; lastKnownFileType = sourcecode.swift; path = ImmersiveView.swift; sourceTree = "<group>"; };
		28C1BB362AAD485A00953C4C /* Tranquil.app */ = {isa = PBXFileReference; explicitFileType = wrapper.application; includeInIndex = 0; path = Tranquil.app; sourceTree = BUILT_PRODUCTS_DIR; };
		28C1BB3A2AAD485A00953C4C /* RealityKitContent */ = {isa = PBXFileReference; lastKnownFileType = wrapper; path = RealityKitContent; sourceTree = "<group>"; };
		28C1BB3D2AAD485A00953C4C /* TranquilApp.swift */ = {isa = PBXFileReference; lastKnownFileType = sourcecode.swift; path = TranquilApp.swift; sourceTree = "<group>"; };
		28C1BB3F2AAD485A00953C4C /* ContentView.swift */ = {isa = PBXFileReference; lastKnownFileType = sourcecode.swift; path = ContentView.swift; sourceTree = "<group>"; };
		28C1BB432AAD485B00953C4C /* Assets.xcassets */ = {isa = PBXFileReference; lastKnownFileType = folder.assetcatalog; path = Assets.xcassets; sourceTree = "<group>"; };
		28C1BB462AAD485B00953C4C /* Preview Assets.xcassets */ = {isa = PBXFileReference; lastKnownFileType = folder.assetcatalog; path = "Preview Assets.xcassets"; sourceTree = "<group>"; };
		28C1BB482AAD485B00953C4C /* Info.plist */ = {isa = PBXFileReference; lastKnownFileType = text.plist.xml; path = Info.plist; sourceTree = "<group>"; };
		28C1BB4D2AAD485B00953C4C /* TranquilTests.xctest */ = {isa = PBXFileReference; explicitFileType = wrapper.cfbundle; includeInIndex = 0; path = TranquilTests.xctest; sourceTree = BUILT_PRODUCTS_DIR; };
		28C1BB512AAD485B00953C4C /* TranquilTests.swift */ = {isa = PBXFileReference; lastKnownFileType = sourcecode.swift; path = TranquilTests.swift; sourceTree = "<group>"; };
		28C1BB5D2AAE614900953C4C /* Welcome.swift */ = {isa = PBXFileReference; lastKnownFileType = sourcecode.swift; path = Welcome.swift; sourceTree = "<group>"; };
		28D7F8642AAE72CF008F11B1 /* Profile.swift */ = {isa = PBXFileReference; lastKnownFileType = sourcecode.swift; path = Profile.swift; sourceTree = "<group>"; };
		28D7F86A2AAE7359008F11B1 /* StudySets.swift */ = {isa = PBXFileReference; lastKnownFileType = sourcecode.swift; path = StudySets.swift; sourceTree = "<group>"; };
		28F6385D2ACA06630071CDFE /* FlashcardView.swift */ = {isa = PBXFileReference; lastKnownFileType = sourcecode.swift; path = FlashcardView.swift; sourceTree = "<group>"; };
		28F6385F2ACA06CB0071CDFE /* Flashcard.swift */ = {isa = PBXFileReference; lastKnownFileType = sourcecode.swift; path = Flashcard.swift; sourceTree = "<group>"; };
		28F638612ACA133B0071CDFE /* OuterSpaceControls.swift */ = {isa = PBXFileReference; lastKnownFileType = sourcecode.swift; path = OuterSpaceControls.swift; sourceTree = "<group>"; };
		28F638632ACA14F30071CDFE /* SolarSystem.swift */ = {isa = PBXFileReference; lastKnownFileType = sourcecode.swift; path = SolarSystem.swift; sourceTree = "<group>"; };
/* End PBXFileReference section */

/* Begin PBXFrameworksBuildPhase section */
		28C1BB332AAD485A00953C4C /* Frameworks */ = {
			isa = PBXFrameworksBuildPhase;
			buildActionMask = 2147483647;
			files = (
				28C1BB3C2AAD485A00953C4C /* RealityKitContent in Frameworks */,
			);
			runOnlyForDeploymentPostprocessing = 0;
		};
		28C1BB4A2AAD485B00953C4C /* Frameworks */ = {
			isa = PBXFrameworksBuildPhase;
			buildActionMask = 2147483647;
			files = (
			);
			runOnlyForDeploymentPostprocessing = 0;
		};
/* End PBXFrameworksBuildPhase section */

/* Begin PBXGroup section */
		281979F72AC3C3B900D0ACA1 /* Outer Space Environment */ = {
			isa = PBXGroup;
			children = (
				281979F52AC3C14300D0ACA1 /* OuterSpace.swift */,
				281979F82AC3C3DC00D0ACA1 /* OuterSpaceToggle.swift */,
				28F638612ACA133B0071CDFE /* OuterSpaceControls.swift */,
				28F638632ACA14F30071CDFE /* SolarSystem.swift */,
			);
			path = "Outer Space Environment";
			sourceTree = "<group>";
		};
		28C1BB2D2AAD485A00953C4C = {
			isa = PBXGroup;
			children = (
				28C1BB382AAD485A00953C4C /* Tranquil */,
				28C1BB392AAD485A00953C4C /* Packages */,
				28C1BB502AAD485B00953C4C /* TranquilTests */,
				28C1BB372AAD485A00953C4C /* Products */,
			);
			sourceTree = "<group>";
		};
		28C1BB372AAD485A00953C4C /* Products */ = {
			isa = PBXGroup;
			children = (
				28C1BB362AAD485A00953C4C /* Tranquil.app */,
				28C1BB4D2AAD485B00953C4C /* TranquilTests.xctest */,
			);
			name = Products;
			sourceTree = "<group>";
		};
		28C1BB382AAD485A00953C4C /* Tranquil */ = {
			isa = PBXGroup;
			children = (
				28C1BB3D2AAD485A00953C4C /* TranquilApp.swift */,
				28D7F8682AAE72E9008F11B1 /* Study Sets */,
				289107A62AC9DB1100BD449B /* MainView.swift */,
				28C1BB3F2AAD485A00953C4C /* ContentView.swift */,
				289107A82AC9DB4200BD449B /* ImmersiveView.swift */,
				2824E82D2AC9EDB800446821 /* StudySetView.swift */,
				28F6385D2ACA06630071CDFE /* FlashcardView.swift */,
				28F6385F2ACA06CB0071CDFE /* Flashcard.swift */,
				281979FA2AC3C4BF00D0ACA1 /* Module.swift */,
				281979FC2AC3C4E800D0ACA1 /* ViewModel.swift */,
				281979F72AC3C3B900D0ACA1 /* Outer Space Environment */,
				28D7F8692AAE72FB008F11B1 /* Profile */,
				28C1BB432AAD485B00953C4C /* Assets.xcassets */,
				28C1BB482AAD485B00953C4C /* Info.plist */,
				28C1BB5F2AAE615B00953C4C /* Welcome */,
				28C1BB452AAD485B00953C4C /* Preview Content */,
			);
			path = Tranquil;
			sourceTree = "<group>";
		};
		28C1BB392AAD485A00953C4C /* Packages */ = {
			isa = PBXGroup;
			children = (
				28C1BB3A2AAD485A00953C4C /* RealityKitContent */,
			);
			path = Packages;
			sourceTree = "<group>";
		};
		28C1BB452AAD485B00953C4C /* Preview Content */ = {
			isa = PBXGroup;
			children = (
				28C1BB462AAD485B00953C4C /* Preview Assets.xcassets */,
			);
			path = "Preview Content";
			sourceTree = "<group>";
		};
		28C1BB502AAD485B00953C4C /* TranquilTests */ = {
			isa = PBXGroup;
			children = (
				28C1BB512AAD485B00953C4C /* TranquilTests.swift */,
			);
			path = TranquilTests;
			sourceTree = "<group>";
		};
		28C1BB5F2AAE615B00953C4C /* Welcome */ = {
			isa = PBXGroup;
			children = (
				28C1BB5D2AAE614900953C4C /* Welcome.swift */,
			);
			path = Welcome;
			sourceTree = "<group>";
		};
		28D7F8682AAE72E9008F11B1 /* Study Sets */ = {
			isa = PBXGroup;
			children = (
				28D7F86A2AAE7359008F11B1 /* StudySets.swift */,
			);
			path = "Study Sets";
			sourceTree = "<group>";
		};
		28D7F8692AAE72FB008F11B1 /* Profile */ = {
			isa = PBXGroup;
			children = (
				28D7F8642AAE72CF008F11B1 /* Profile.swift */,
			);
			path = Profile;
			sourceTree = "<group>";
		};
/* End PBXGroup section */

/* Begin PBXNativeTarget section */
		28C1BB352AAD485A00953C4C /* Tranquil */ = {
			isa = PBXNativeTarget;
			buildConfigurationList = 28C1BB552AAD485B00953C4C /* Build configuration list for PBXNativeTarget "Tranquil" */;
			buildPhases = (
				28C1BB322AAD485A00953C4C /* Sources */,
				28C1BB332AAD485A00953C4C /* Frameworks */,
				28C1BB342AAD485A00953C4C /* Resources */,
			);
			buildRules = (
			);
			dependencies = (
			);
			name = Tranquil;
			packageProductDependencies = (
				28C1BB3B2AAD485A00953C4C /* RealityKitContent */,
			);
			productName = Tranquil;
			productReference = 28C1BB362AAD485A00953C4C /* Tranquil.app */;
			productType = "com.apple.product-type.application";
		};
		28C1BB4C2AAD485B00953C4C /* TranquilTests */ = {
			isa = PBXNativeTarget;
			buildConfigurationList = 28C1BB582AAD485B00953C4C /* Build configuration list for PBXNativeTarget "TranquilTests" */;
			buildPhases = (
				28C1BB492AAD485B00953C4C /* Sources */,
				28C1BB4A2AAD485B00953C4C /* Frameworks */,
				28C1BB4B2AAD485B00953C4C /* Resources */,
			);
			buildRules = (
			);
			dependencies = (
				28C1BB4F2AAD485B00953C4C /* PBXTargetDependency */,
			);
			name = TranquilTests;
			productName = TranquilTests;
			productReference = 28C1BB4D2AAD485B00953C4C /* TranquilTests.xctest */;
			productType = "com.apple.product-type.bundle.unit-test";
		};
/* End PBXNativeTarget section */

/* Begin PBXProject section */
		28C1BB2E2AAD485A00953C4C /* Project object */ = {
			isa = PBXProject;
			attributes = {
				BuildIndependentTargetsInParallel = 1;
				LastSwiftUpdateCheck = 1500;
				LastUpgradeCheck = 1500;
				TargetAttributes = {
					28C1BB352AAD485A00953C4C = {
						CreatedOnToolsVersion = 15.0;
					};
					28C1BB4C2AAD485B00953C4C = {
						CreatedOnToolsVersion = 15.0;
						TestTargetID = 28C1BB352AAD485A00953C4C;
					};
				};
			};
			buildConfigurationList = 28C1BB312AAD485A00953C4C /* Build configuration list for PBXProject "Tranquil" */;
			compatibilityVersion = "Xcode 14.0";
			developmentRegion = en;
			hasScannedForEncodings = 0;
			knownRegions = (
				en,
				Base,
			);
			mainGroup = 28C1BB2D2AAD485A00953C4C;
			productRefGroup = 28C1BB372AAD485A00953C4C /* Products */;
			projectDirPath = "";
			projectRoot = "";
			targets = (
				28C1BB352AAD485A00953C4C /* Tranquil */,
				28C1BB4C2AAD485B00953C4C /* TranquilTests */,
			);
		};
/* End PBXProject section */

/* Begin PBXResourcesBuildPhase section */
		28C1BB342AAD485A00953C4C /* Resources */ = {
			isa = PBXResourcesBuildPhase;
			buildActionMask = 2147483647;
			files = (
				28C1BB472AAD485B00953C4C /* Preview Assets.xcassets in Resources */,
				28C1BB442AAD485B00953C4C /* Assets.xcassets in Resources */,
			);
			runOnlyForDeploymentPostprocessing = 0;
		};
		28C1BB4B2AAD485B00953C4C /* Resources */ = {
			isa = PBXResourcesBuildPhase;
			buildActionMask = 2147483647;
			files = (
			);
			runOnlyForDeploymentPostprocessing = 0;
		};
/* End PBXResourcesBuildPhase section */

/* Begin PBXSourcesBuildPhase section */
		28C1BB322AAD485A00953C4C /* Sources */ = {
			isa = PBXSourcesBuildPhase;
			buildActionMask = 2147483647;
			files = (
				28C1BB5E2AAE614900953C4C /* Welcome.swift in Sources */,
				2824E82E2AC9EDB800446821 /* StudySetView.swift in Sources */,
				28F638642ACA14F30071CDFE /* SolarSystem.swift in Sources */,
				28F6385E2ACA06630071CDFE /* FlashcardView.swift in Sources */,
				28D7F8652AAE72CF008F11B1 /* Profile.swift in Sources */,
				281979F92AC3C3DC00D0ACA1 /* OuterSpaceToggle.swift in Sources */,
				289107A72AC9DB1100BD449B /* MainView.swift in Sources */,
				28F638602ACA06CB0071CDFE /* Flashcard.swift in Sources */,
				28F638622ACA133B0071CDFE /* OuterSpaceControls.swift in Sources */,
				289107A92AC9DB4200BD449B /* ImmersiveView.swift in Sources */,
				281979FD2AC3C4E800D0ACA1 /* ViewModel.swift in Sources */,
				281979FB2AC3C4BF00D0ACA1 /* Module.swift in Sources */,
				28D7F86B2AAE7359008F11B1 /* StudySets.swift in Sources */,
				28C1BB402AAD485A00953C4C /* ContentView.swift in Sources */,
				28C1BB3E2AAD485A00953C4C /* TranquilApp.swift in Sources */,
				281979F62AC3C14300D0ACA1 /* OuterSpace.swift in Sources */,
			);
			runOnlyForDeploymentPostprocessing = 0;
		};
		28C1BB492AAD485B00953C4C /* Sources */ = {
			isa = PBXSourcesBuildPhase;
			buildActionMask = 2147483647;
			files = (
				28C1BB522AAD485B00953C4C /* TranquilTests.swift in Sources */,
			);
			runOnlyForDeploymentPostprocessing = 0;
		};
/* End PBXSourcesBuildPhase section */

/* Begin PBXTargetDependency section */
		28C1BB4F2AAD485B00953C4C /* PBXTargetDependency */ = {
			isa = PBXTargetDependency;
			target = 28C1BB352AAD485A00953C4C /* Tranquil */;
			targetProxy = 28C1BB4E2AAD485B00953C4C /* PBXContainerItemProxy */;
		};
/* End PBXTargetDependency section */

/* Begin XCBuildConfiguration section */
		28C1BB532AAD485B00953C4C /* Debug */ = {
			isa = XCBuildConfiguration;
			buildSettings = {
				ALWAYS_SEARCH_USER_PATHS = NO;
				ASSETCATALOG_COMPILER_GENERATE_SWIFT_ASSET_SYMBOL_EXTENSIONS = YES;
				CLANG_ANALYZER_NONNULL = YES;
				CLANG_ANALYZER_NUMBER_OBJECT_CONVERSION = YES_AGGRESSIVE;
				CLANG_CXX_LANGUAGE_STANDARD = "gnu++20";
				CLANG_ENABLE_MODULES = YES;
				CLANG_ENABLE_OBJC_ARC = YES;
				CLANG_ENABLE_OBJC_WEAK = YES;
				CLANG_WARN_BLOCK_CAPTURE_AUTORELEASING = YES;
				CLANG_WARN_BOOL_CONVERSION = YES;
				CLANG_WARN_COMMA = YES;
				CLANG_WARN_CONSTANT_CONVERSION = YES;
				CLANG_WARN_DEPRECATED_OBJC_IMPLEMENTATIONS = YES;
				CLANG_WARN_DIRECT_OBJC_ISA_USAGE = YES_ERROR;
				CLANG_WARN_DOCUMENTATION_COMMENTS = YES;
				CLANG_WARN_EMPTY_BODY = YES;
				CLANG_WARN_ENUM_CONVERSION = YES;
				CLANG_WARN_INFINITE_RECURSION = YES;
				CLANG_WARN_INT_CONVERSION = YES;
				CLANG_WARN_NON_LITERAL_NULL_CONVERSION = YES;
				CLANG_WARN_OBJC_IMPLICIT_RETAIN_SELF = YES;
				CLANG_WARN_OBJC_LITERAL_CONVERSION = YES;
				CLANG_WARN_OBJC_ROOT_CLASS = YES_ERROR;
				CLANG_WARN_QUOTED_INCLUDE_IN_FRAMEWORK_HEADER = YES;
				CLANG_WARN_RANGE_LOOP_ANALYSIS = YES;
				CLANG_WARN_STRICT_PROTOTYPES = YES;
				CLANG_WARN_SUSPICIOUS_MOVE = YES;
				CLANG_WARN_UNGUARDED_AVAILABILITY = YES_AGGRESSIVE;
				CLANG_WARN_UNREACHABLE_CODE = YES;
				CLANG_WARN__DUPLICATE_METHOD_MATCH = YES;
				COPY_PHASE_STRIP = NO;
				DEBUG_INFORMATION_FORMAT = dwarf;
				ENABLE_STRICT_OBJC_MSGSEND = YES;
				ENABLE_TESTABILITY = YES;
				ENABLE_USER_SCRIPT_SANDBOXING = YES;
				GCC_C_LANGUAGE_STANDARD = gnu17;
				GCC_DYNAMIC_NO_PIC = NO;
				GCC_NO_COMMON_BLOCKS = YES;
				GCC_OPTIMIZATION_LEVEL = 0;
				GCC_PREPROCESSOR_DEFINITIONS = (
					"DEBUG=1",
					"$(inherited)",
				);
				GCC_WARN_64_TO_32_BIT_CONVERSION = YES;
				GCC_WARN_ABOUT_RETURN_TYPE = YES_ERROR;
				GCC_WARN_UNDECLARED_SELECTOR = YES;
				GCC_WARN_UNINITIALIZED_AUTOS = YES_AGGRESSIVE;
				GCC_WARN_UNUSED_FUNCTION = YES;
				GCC_WARN_UNUSED_VARIABLE = YES;
				LOCALIZATION_PREFERS_STRING_CATALOGS = YES;
				MTL_ENABLE_DEBUG_INFO = INCLUDE_SOURCE;
				MTL_FAST_MATH = YES;
				ONLY_ACTIVE_ARCH = YES;
				SDKROOT = xros;
				SWIFT_ACTIVE_COMPILATION_CONDITIONS = "DEBUG $(inherited)";
				SWIFT_OPTIMIZATION_LEVEL = "-Onone";
				XROS_DEPLOYMENT_TARGET = 1.0;
			};
			name = Debug;
		};
		28C1BB542AAD485B00953C4C /* Release */ = {
			isa = XCBuildConfiguration;
			buildSettings = {
				ALWAYS_SEARCH_USER_PATHS = NO;
				ASSETCATALOG_COMPILER_GENERATE_SWIFT_ASSET_SYMBOL_EXTENSIONS = YES;
				CLANG_ANALYZER_NONNULL = YES;
				CLANG_ANALYZER_NUMBER_OBJECT_CONVERSION = YES_AGGRESSIVE;
				CLANG_CXX_LANGUAGE_STANDARD = "gnu++20";
				CLANG_ENABLE_MODULES = YES;
				CLANG_ENABLE_OBJC_ARC = YES;
				CLANG_ENABLE_OBJC_WEAK = YES;
				CLANG_WARN_BLOCK_CAPTURE_AUTORELEASING = YES;
				CLANG_WARN_BOOL_CONVERSION = YES;
				CLANG_WARN_COMMA = YES;
				CLANG_WARN_CONSTANT_CONVERSION = YES;
				CLANG_WARN_DEPRECATED_OBJC_IMPLEMENTATIONS = YES;
				CLANG_WARN_DIRECT_OBJC_ISA_USAGE = YES_ERROR;
				CLANG_WARN_DOCUMENTATION_COMMENTS = YES;
				CLANG_WARN_EMPTY_BODY = YES;
				CLANG_WARN_ENUM_CONVERSION = YES;
				CLANG_WARN_INFINITE_RECURSION = YES;
				CLANG_WARN_INT_CONVERSION = YES;
				CLANG_WARN_NON_LITERAL_NULL_CONVERSION = YES;
				CLANG_WARN_OBJC_IMPLICIT_RETAIN_SELF = YES;
				CLANG_WARN_OBJC_LITERAL_CONVERSION = YES;
				CLANG_WARN_OBJC_ROOT_CLASS = YES_ERROR;
				CLANG_WARN_QUOTED_INCLUDE_IN_FRAMEWORK_HEADER = YES;
				CLANG_WARN_RANGE_LOOP_ANALYSIS = YES;
				CLANG_WARN_STRICT_PROTOTYPES = YES;
				CLANG_WARN_SUSPICIOUS_MOVE = YES;
				CLANG_WARN_UNGUARDED_AVAILABILITY = YES_AGGRESSIVE;
				CLANG_WARN_UNREACHABLE_CODE = YES;
				CLANG_WARN__DUPLICATE_METHOD_MATCH = YES;
				COPY_PHASE_STRIP = NO;
				DEBUG_INFORMATION_FORMAT = "dwarf-with-dsym";
				ENABLE_NS_ASSERTIONS = NO;
				ENABLE_STRICT_OBJC_MSGSEND = YES;
				ENABLE_USER_SCRIPT_SANDBOXING = YES;
				GCC_C_LANGUAGE_STANDARD = gnu17;
				GCC_NO_COMMON_BLOCKS = YES;
				GCC_WARN_64_TO_32_BIT_CONVERSION = YES;
				GCC_WARN_ABOUT_RETURN_TYPE = YES_ERROR;
				GCC_WARN_UNDECLARED_SELECTOR = YES;
				GCC_WARN_UNINITIALIZED_AUTOS = YES_AGGRESSIVE;
				GCC_WARN_UNUSED_FUNCTION = YES;
				GCC_WARN_UNUSED_VARIABLE = YES;
				LOCALIZATION_PREFERS_STRING_CATALOGS = YES;
				MTL_ENABLE_DEBUG_INFO = NO;
				MTL_FAST_MATH = YES;
				SDKROOT = xros;
				SWIFT_COMPILATION_MODE = wholemodule;
				VALIDATE_PRODUCT = YES;
				XROS_DEPLOYMENT_TARGET = 1.0;
			};
			name = Release;
		};
		28C1BB562AAD485B00953C4C /* Debug */ = {
			isa = XCBuildConfiguration;
			buildSettings = {
				ASSETCATALOG_COMPILER_APPICON_NAME = AppIcon;
				ASSETCATALOG_COMPILER_GLOBAL_ACCENT_COLOR_NAME = AccentColor;
				CODE_SIGN_STYLE = Automatic;
				CURRENT_PROJECT_VERSION = 1;
				DEVELOPMENT_ASSET_PATHS = "\"Tranquil/Preview Content\"";
				DEVELOPMENT_TEAM = 2A7RYNMGKJ;
				ENABLE_PREVIEWS = YES;
				GENERATE_INFOPLIST_FILE = YES;
				INFOPLIST_FILE = "$(TARGET_NAME)/Info.plist";
				LD_RUNPATH_SEARCH_PATHS = (
					"$(inherited)",
					"@executable_path/Frameworks",
				);
				MARKETING_VERSION = 1.0;
				PRODUCT_BUNDLE_IDENTIFIER = Capstone.Tranquil;
				PRODUCT_NAME = "$(TARGET_NAME)";
				SUPPORTED_PLATFORMS = "xros xrsimulator";
				SWIFT_EMIT_LOC_STRINGS = YES;
				SWIFT_VERSION = 5.0;
				TARGETED_DEVICE_FAMILY = "1,2,7";
			};
			name = Debug;
		};
		28C1BB572AAD485B00953C4C /* Release */ = {
			isa = XCBuildConfiguration;
			buildSettings = {
				ASSETCATALOG_COMPILER_APPICON_NAME = AppIcon;
				ASSETCATALOG_COMPILER_GLOBAL_ACCENT_COLOR_NAME = AccentColor;
				CODE_SIGN_STYLE = Automatic;
				CURRENT_PROJECT_VERSION = 1;
				DEVELOPMENT_ASSET_PATHS = "\"Tranquil/Preview Content\"";
				DEVELOPMENT_TEAM = 2A7RYNMGKJ;
				ENABLE_PREVIEWS = YES;
				GENERATE_INFOPLIST_FILE = YES;
				INFOPLIST_FILE = "$(TARGET_NAME)/Info.plist";
				LD_RUNPATH_SEARCH_PATHS = (
					"$(inherited)",
					"@executable_path/Frameworks",
				);
				MARKETING_VERSION = 1.0;
				PRODUCT_BUNDLE_IDENTIFIER = Capstone.Tranquil;
				PRODUCT_NAME = "$(TARGET_NAME)";
				SUPPORTED_PLATFORMS = "xros xrsimulator";
				SWIFT_EMIT_LOC_STRINGS = YES;
				SWIFT_VERSION = 5.0;
				TARGETED_DEVICE_FAMILY = "1,2,7";
			};
			name = Release;
		};
		28C1BB592AAD485B00953C4C /* Debug */ = {
			isa = XCBuildConfiguration;
			buildSettings = {
				ALWAYS_EMBED_SWIFT_STANDARD_LIBRARIES = YES;
				BUNDLE_LOADER = "$(TEST_HOST)";
				CODE_SIGN_STYLE = Automatic;
				CURRENT_PROJECT_VERSION = 1;
				DEVELOPMENT_TEAM = 2A7RYNMGKJ;
				GENERATE_INFOPLIST_FILE = YES;
				MARKETING_VERSION = 1.0;
				PRODUCT_BUNDLE_IDENTIFIER = Capstone.TranquilTests;
				PRODUCT_NAME = "$(TARGET_NAME)";
				SUPPORTED_PLATFORMS = "xros xrsimulator";
				SWIFT_EMIT_LOC_STRINGS = NO;
				SWIFT_VERSION = 5.0;
				TARGETED_DEVICE_FAMILY = "1,2,7";
				TEST_HOST = "$(BUILT_PRODUCTS_DIR)/Tranquil.app/$(BUNDLE_EXECUTABLE_FOLDER_PATH)/Tranquil";
				XROS_DEPLOYMENT_TARGET = 1.0;
			};
			name = Debug;
		};
		28C1BB5A2AAD485B00953C4C /* Release */ = {
			isa = XCBuildConfiguration;
			buildSettings = {
				ALWAYS_EMBED_SWIFT_STANDARD_LIBRARIES = YES;
				BUNDLE_LOADER = "$(TEST_HOST)";
				CODE_SIGN_STYLE = Automatic;
				CURRENT_PROJECT_VERSION = 1;
				DEVELOPMENT_TEAM = 2A7RYNMGKJ;
				GENERATE_INFOPLIST_FILE = YES;
				MARKETING_VERSION = 1.0;
				PRODUCT_BUNDLE_IDENTIFIER = Capstone.TranquilTests;
				PRODUCT_NAME = "$(TARGET_NAME)";
				SUPPORTED_PLATFORMS = "xros xrsimulator";
				SWIFT_EMIT_LOC_STRINGS = NO;
				SWIFT_VERSION = 5.0;
				TARGETED_DEVICE_FAMILY = "1,2,7";
				TEST_HOST = "$(BUILT_PRODUCTS_DIR)/Tranquil.app/$(BUNDLE_EXECUTABLE_FOLDER_PATH)/Tranquil";
				XROS_DEPLOYMENT_TARGET = 1.0;
			};
			name = Release;
		};
/* End XCBuildConfiguration section */

/* Begin XCConfigurationList section */
		28C1BB312AAD485A00953C4C /* Build configuration list for PBXProject "Tranquil" */ = {
			isa = XCConfigurationList;
			buildConfigurations = (
				28C1BB532AAD485B00953C4C /* Debug */,
				28C1BB542AAD485B00953C4C /* Release */,
			);
			defaultConfigurationIsVisible = 0;
			defaultConfigurationName = Release;
		};
		28C1BB552AAD485B00953C4C /* Build configuration list for PBXNativeTarget "Tranquil" */ = {
			isa = XCConfigurationList;
			buildConfigurations = (
				28C1BB562AAD485B00953C4C /* Debug */,
				28C1BB572AAD485B00953C4C /* Release */,
			);
			defaultConfigurationIsVisible = 0;
			defaultConfigurationName = Release;
		};
		28C1BB582AAD485B00953C4C /* Build configuration list for PBXNativeTarget "TranquilTests" */ = {
			isa = XCConfigurationList;
			buildConfigurations = (
				28C1BB592AAD485B00953C4C /* Debug */,
				28C1BB5A2AAD485B00953C4C /* Release */,
			);
			defaultConfigurationIsVisible = 0;
			defaultConfigurationName = Release;
		};
/* End XCConfigurationList section */

/* Begin XCSwiftPackageProductDependency section */
		28C1BB3B2AAD485A00953C4C /* RealityKitContent */ = {
			isa = XCSwiftPackageProductDependency;
			productName = RealityKitContent;
		};
/* End XCSwiftPackageProductDependency section */
	};
	rootObject = 28C1BB2E2AAD485A00953C4C /* Project object */;
}
